// !$*UTF8*$!
{
	archiveVersion = 1;
	classes = {
	};
	objectVersion = 56;
	objects = {

/* Begin PBXBuildFile section */
		FC3A32D42B47292900B3CB0F /* GameViewModel.swift in Sources */ = {isa = PBXBuildFile; fileRef = FC3A32D32B47292900B3CB0F /* GameViewModel.swift */; };
		FCB00F672A9E42310003F964 /* GradientLineView.swift in Sources */ = {isa = PBXBuildFile; fileRef = FCB00F662A9E42310003F964 /* GradientLineView.swift */; };
		FCCD26312A9DFC550007F5F6 /* ExplainItApp.swift in Sources */ = {isa = PBXBuildFile; fileRef = FCCD26302A9DFC550007F5F6 /* ExplainItApp.swift */; };
		FCCD26332A9DFC550007F5F6 /* ContentView.swift in Sources */ = {isa = PBXBuildFile; fileRef = FCCD26322A9DFC550007F5F6 /* ContentView.swift */; };
		FCCD26352A9DFC560007F5F6 /* Assets.xcassets in Resources */ = {isa = PBXBuildFile; fileRef = FCCD26342A9DFC560007F5F6 /* Assets.xcassets */; };
		FCCD26382A9DFC560007F5F6 /* Preview Assets.xcassets in Resources */ = {isa = PBXBuildFile; fileRef = FCCD26372A9DFC560007F5F6 /* Preview Assets.xcassets */; };
		FCCD263F2A9DFD370007F5F6 /* start.txt in Resources */ = {isa = PBXBuildFile; fileRef = FCCD263E2A9DFD370007F5F6 /* start.txt */; };
		FCCD26412A9DFE250007F5F6 /* CustomButton.swift in Sources */ = {isa = PBXBuildFile; fileRef = FCCD26402A9DFE250007F5F6 /* CustomButton.swift */; };
		FCCD26432A9E08910007F5F6 /* BackgroundView.swift in Sources */ = {isa = PBXBuildFile; fileRef = FCCD26422A9E08910007F5F6 /* BackgroundView.swift */; };
		FCD64EC12AC19C3600B8985B /* SetUpScreen.swift in Sources */ = {isa = PBXBuildFile; fileRef = FCD64EC02AC19C3600B8985B /* SetUpScreen.swift */; };
		FCE8322C2AAA0CA000D1CB00 /* TextBoardView.swift in Sources */ = {isa = PBXBuildFile; fileRef = FCE8322B2AAA0CA000D1CB00 /* TextBoardView.swift */; };
		FCE8322E2AAA1ABD00D1CB00 /* TimerView.swift in Sources */ = {isa = PBXBuildFile; fileRef = FCE8322D2AAA1ABD00D1CB00 /* TimerView.swift */; };
		FCED6E0C2AA0FDD200ED2706 /* GameScreen.swift in Sources */ = {isa = PBXBuildFile; fileRef = FCED6E0B2AA0FDD200ED2706 /* GameScreen.swift */; };
/* End PBXBuildFile section */

/* Begin PBXFileReference section */
		FC3A32D32B47292900B3CB0F /* GameViewModel.swift */ = {isa = PBXFileReference; lastKnownFileType = sourcecode.swift; path = GameViewModel.swift; sourceTree = "<group>"; };
		FCB00F662A9E42310003F964 /* GradientLineView.swift */ = {isa = PBXFileReference; lastKnownFileType = sourcecode.swift; path = GradientLineView.swift; sourceTree = "<group>"; };
		FCCD262D2A9DFC550007F5F6 /* ExplainIt.app */ = {isa = PBXFileReference; explicitFileType = wrapper.application; includeInIndex = 0; path = ExplainIt.app; sourceTree = BUILT_PRODUCTS_DIR; };
		FCCD26302A9DFC550007F5F6 /* ExplainItApp.swift */ = {isa = PBXFileReference; lastKnownFileType = sourcecode.swift; path = ExplainItApp.swift; sourceTree = "<group>"; };
		FCCD26322A9DFC550007F5F6 /* ContentView.swift */ = {isa = PBXFileReference; lastKnownFileType = sourcecode.swift; path = ContentView.swift; sourceTree = "<group>"; };
		FCCD26342A9DFC560007F5F6 /* Assets.xcassets */ = {isa = PBXFileReference; lastKnownFileType = folder.assetcatalog; path = Assets.xcassets; sourceTree = "<group>"; };
		FCCD26372A9DFC560007F5F6 /* Preview Assets.xcassets */ = {isa = PBXFileReference; lastKnownFileType = folder.assetcatalog; path = "Preview Assets.xcassets"; sourceTree = "<group>"; };
		FCCD263E2A9DFD370007F5F6 /* start.txt */ = {isa = PBXFileReference; fileEncoding = 4; lastKnownFileType = text; path = start.txt; sourceTree = "<group>"; };
		FCCD26402A9DFE250007F5F6 /* CustomButton.swift */ = {isa = PBXFileReference; lastKnownFileType = sourcecode.swift; path = CustomButton.swift; sourceTree = "<group>"; };
		FCCD26422A9E08910007F5F6 /* BackgroundView.swift */ = {isa = PBXFileReference; lastKnownFileType = sourcecode.swift; path = BackgroundView.swift; sourceTree = "<group>"; };
		FCD64EC02AC19C3600B8985B /* SetUpScreen.swift */ = {isa = PBXFileReference; lastKnownFileType = sourcecode.swift; path = SetUpScreen.swift; sourceTree = "<group>"; };
		FCE8322B2AAA0CA000D1CB00 /* TextBoardView.swift */ = {isa = PBXFileReference; lastKnownFileType = sourcecode.swift; path = TextBoardView.swift; sourceTree = "<group>"; };
		FCE8322D2AAA1ABD00D1CB00 /* TimerView.swift */ = {isa = PBXFileReference; lastKnownFileType = sourcecode.swift; path = TimerView.swift; sourceTree = "<group>"; };
		FCED6E0B2AA0FDD200ED2706 /* GameScreen.swift */ = {isa = PBXFileReference; lastKnownFileType = sourcecode.swift; path = GameScreen.swift; sourceTree = "<group>"; };
/* End PBXFileReference section */

/* Begin PBXFrameworksBuildPhase section */
		FCCD262A2A9DFC550007F5F6 /* Frameworks */ = {
			isa = PBXFrameworksBuildPhase;
			buildActionMask = 2147483647;
			files = (
			);
			runOnlyForDeploymentPostprocessing = 0;
		};
/* End PBXFrameworksBuildPhase section */

/* Begin PBXGroup section */
		FCB00F682A9E4D110003F964 /* Views */ = {
			isa = PBXGroup;
			children = (
				FCCD26422A9E08910007F5F6 /* BackgroundView.swift */,
				FCCD26322A9DFC550007F5F6 /* ContentView.swift */,
				FCED6E0B2AA0FDD200ED2706 /* GameScreen.swift */,
				FCD64EC02AC19C3600B8985B /* SetUpScreen.swift */,
				FCE8322D2AAA1ABD00D1CB00 /* TimerView.swift */,
				FCE8322B2AAA0CA000D1CB00 /* TextBoardView.swift */,
				FCB00F692A9E4D830003F964 /* CustomButtonView */,
				FC3A32D32B47292900B3CB0F /* GameViewModel.swift */,
			);
			path = Views;
			sourceTree = "<group>";
		};
		FCB00F692A9E4D830003F964 /* CustomButtonView */ = {
			isa = PBXGroup;
			children = (
				FCB00F662A9E42310003F964 /* GradientLineView.swift */,
				FCCD26402A9DFE250007F5F6 /* CustomButton.swift */,
			);
			path = CustomButtonView;
			sourceTree = "<group>";
		};
		FCCD26242A9DFC550007F5F6 = {
			isa = PBXGroup;
			children = (
				FCCD262F2A9DFC550007F5F6 /* ExplainIt */,
				FCCD262E2A9DFC550007F5F6 /* Products */,
			);
			sourceTree = "<group>";
		};
		FCCD262E2A9DFC550007F5F6 /* Products */ = {
			isa = PBXGroup;
			children = (
				FCCD262D2A9DFC550007F5F6 /* ExplainIt.app */,
			);
			name = Products;
			sourceTree = "<group>";
		};
		FCCD262F2A9DFC550007F5F6 /* ExplainIt */ = {
			isa = PBXGroup;
			children = (
				FCB00F682A9E4D110003F964 /* Views */,
				FCCD26302A9DFC550007F5F6 /* ExplainItApp.swift */,
				FCCD26342A9DFC560007F5F6 /* Assets.xcassets */,
				FCCD263E2A9DFD370007F5F6 /* start.txt */,
				FCCD26362A9DFC560007F5F6 /* Preview Content */,
			);
			path = ExplainIt;
			sourceTree = "<group>";
		};
		FCCD26362A9DFC560007F5F6 /* Preview Content */ = {
			isa = PBXGroup;
			children = (
				FCCD26372A9DFC560007F5F6 /* Preview Assets.xcassets */,
			);
			path = "Preview Content";
			sourceTree = "<group>";
		};
/* End PBXGroup section */

/* Begin PBXNativeTarget section */
		FCCD262C2A9DFC550007F5F6 /* ExplainIt */ = {
			isa = PBXNativeTarget;
			buildConfigurationList = FCCD263B2A9DFC560007F5F6 /* Build configuration list for PBXNativeTarget "ExplainIt" */;
			buildPhases = (
				FCCD26292A9DFC550007F5F6 /* Sources */,
				FCCD262A2A9DFC550007F5F6 /* Frameworks */,
				FCCD262B2A9DFC550007F5F6 /* Resources */,
			);
			buildRules = (
			);
			dependencies = (
			);
			name = ExplainIt;
			productName = ExplainIt;
			productReference = FCCD262D2A9DFC550007F5F6 /* ExplainIt.app */;
			productType = "com.apple.product-type.application";
		};
/* End PBXNativeTarget section */

/* Begin PBXProject section */
		FCCD26252A9DFC550007F5F6 /* Project object */ = {
			isa = PBXProject;
			attributes = {
				BuildIndependentTargetsInParallel = 1;
				LastSwiftUpdateCheck = 1430;
				LastUpgradeCheck = 1430;
				TargetAttributes = {
					FCCD262C2A9DFC550007F5F6 = {
						CreatedOnToolsVersion = 14.3;
					};
				};
			};
			buildConfigurationList = FCCD26282A9DFC550007F5F6 /* Build configuration list for PBXProject "ExplainIt" */;
			compatibilityVersion = "Xcode 14.0";
			developmentRegion = en;
			hasScannedForEncodings = 0;
			knownRegions = (
				en,
				Base,
			);
			mainGroup = FCCD26242A9DFC550007F5F6;
			productRefGroup = FCCD262E2A9DFC550007F5F6 /* Products */;
			projectDirPath = "";
			projectRoot = "";
			targets = (
				FCCD262C2A9DFC550007F5F6 /* ExplainIt */,
			);
		};
/* End PBXProject section */

/* Begin PBXResourcesBuildPhase section */
		FCCD262B2A9DFC550007F5F6 /* Resources */ = {
			isa = PBXResourcesBuildPhase;
			buildActionMask = 2147483647;
			files = (
				FCCD26382A9DFC560007F5F6 /* Preview Assets.xcassets in Resources */,
				FCCD263F2A9DFD370007F5F6 /* start.txt in Resources */,
				FCCD26352A9DFC560007F5F6 /* Assets.xcassets in Resources */,
			);
			runOnlyForDeploymentPostprocessing = 0;
		};
/* End PBXResourcesBuildPhase section */

/* Begin PBXSourcesBuildPhase section */
		FCCD26292A9DFC550007F5F6 /* Sources */ = {
			isa = PBXSourcesBuildPhase;
			buildActionMask = 2147483647;
			files = (
				FCCD26332A9DFC550007F5F6 /* ContentView.swift in Sources */,
				FCED6E0C2AA0FDD200ED2706 /* GameScreen.swift in Sources */,
				FCCD26312A9DFC550007F5F6 /* ExplainItApp.swift in Sources */,
				FCE8322C2AAA0CA000D1CB00 /* TextBoardView.swift in Sources */,
				FCCD26432A9E08910007F5F6 /* BackgroundView.swift in Sources */,
				FCCD26412A9DFE250007F5F6 /* CustomButton.swift in Sources */,
				FCE8322E2AAA1ABD00D1CB00 /* TimerView.swift in Sources */,
				FCB00F672A9E42310003F964 /* GradientLineView.swift in Sources */,
				FC3A32D42B47292900B3CB0F /* GameViewModel.swift in Sources */,
				FCD64EC12AC19C3600B8985B /* SetUpScreen.swift in Sources */,
			);
			runOnlyForDeploymentPostprocessing = 0;
		};
/* End PBXSourcesBuildPhase section */

/* Begin XCBuildConfiguration section */
		FCCD26392A9DFC560007F5F6 /* Debug */ = {
			isa = XCBuildConfiguration;
			buildSettings = {
				ALWAYS_SEARCH_USER_PATHS = NO;
				CLANG_ANALYZER_NONNULL = YES;
				CLANG_ANALYZER_NUMBER_OBJECT_CONVERSION = YES_AGGRESSIVE;
				CLANG_CXX_LANGUAGE_STANDARD = "gnu++20";
				CLANG_ENABLE_MODULES = YES;
				CLANG_ENABLE_OBJC_ARC = YES;
				CLANG_ENABLE_OBJC_WEAK = YES;
				CLANG_WARN_BLOCK_CAPTURE_AUTORELEASING = YES;
				CLANG_WARN_BOOL_CONVERSION = YES;
				CLANG_WARN_COMMA = YES;
				CLANG_WARN_CONSTANT_CONVERSION = YES;
				CLANG_WARN_DEPRECATED_OBJC_IMPLEMENTATIONS = YES;
				CLANG_WARN_DIRECT_OBJC_ISA_USAGE = YES_ERROR;
				CLANG_WARN_DOCUMENTATION_COMMENTS = YES;
				CLANG_WARN_EMPTY_BODY = YES;
				CLANG_WARN_ENUM_CONVERSION = YES;
				CLANG_WARN_INFINITE_RECURSION = YES;
				CLANG_WARN_INT_CONVERSION = YES;
				CLANG_WARN_NON_LITERAL_NULL_CONVERSION = YES;
				CLANG_WARN_OBJC_IMPLICIT_RETAIN_SELF = YES;
				CLANG_WARN_OBJC_LITERAL_CONVERSION = YES;
				CLANG_WARN_OBJC_ROOT_CLASS = YES_ERROR;
				CLANG_WARN_QUOTED_INCLUDE_IN_FRAMEWORK_HEADER = YES;
				CLANG_WARN_RANGE_LOOP_ANALYSIS = YES;
				CLANG_WARN_STRICT_PROTOTYPES = YES;
				CLANG_WARN_SUSPICIOUS_MOVE = YES;
				CLANG_WARN_UNGUARDED_AVAILABILITY = YES_AGGRESSIVE;
				CLANG_WARN_UNREACHABLE_CODE = YES;
				CLANG_WARN__DUPLICATE_METHOD_MATCH = YES;
				COPY_PHASE_STRIP = NO;
				DEBUG_INFORMATION_FORMAT = dwarf;
				ENABLE_STRICT_OBJC_MSGSEND = YES;
				ENABLE_TESTABILITY = YES;
				GCC_C_LANGUAGE_STANDARD = gnu11;
				GCC_DYNAMIC_NO_PIC = NO;
				GCC_NO_COMMON_BLOCKS = YES;
				GCC_OPTIMIZATION_LEVEL = 0;
				GCC_PREPROCESSOR_DEFINITIONS = (
					"DEBUG=1",
					"$(inherited)",
				);
				GCC_WARN_64_TO_32_BIT_CONVERSION = YES;
				GCC_WARN_ABOUT_RETURN_TYPE = YES_ERROR;
				GCC_WARN_UNDECLARED_SELECTOR = YES;
				GCC_WARN_UNINITIALIZED_AUTOS = YES_AGGRESSIVE;
				GCC_WARN_UNUSED_FUNCTION = YES;
				GCC_WARN_UNUSED_VARIABLE = YES;
				IPHONEOS_DEPLOYMENT_TARGET = 16.4;
				MTL_ENABLE_DEBUG_INFO = INCLUDE_SOURCE;
				MTL_FAST_MATH = YES;
				ONLY_ACTIVE_ARCH = YES;
				SDKROOT = iphoneos;
				SWIFT_ACTIVE_COMPILATION_CONDITIONS = DEBUG;
				SWIFT_OPTIMIZATION_LEVEL = "-Onone";
			};
			name = Debug;
		};
		FCCD263A2A9DFC560007F5F6 /* Release */ = {
			isa = XCBuildConfiguration;
			buildSettings = {
				ALWAYS_SEARCH_USER_PATHS = NO;
				CLANG_ANALYZER_NONNULL = YES;
				CLANG_ANALYZER_NUMBER_OBJECT_CONVERSION = YES_AGGRESSIVE;
				CLANG_CXX_LANGUAGE_STANDARD = "gnu++20";
				CLANG_ENABLE_MODULES = YES;
				CLANG_ENABLE_OBJC_ARC = YES;
				CLANG_ENABLE_OBJC_WEAK = YES;
				CLANG_WARN_BLOCK_CAPTURE_AUTORELEASING = YES;
				CLANG_WARN_BOOL_CONVERSION = YES;
				CLANG_WARN_COMMA = YES;
				CLANG_WARN_CONSTANT_CONVERSION = YES;
				CLANG_WARN_DEPRECATED_OBJC_IMPLEMENTATIONS = YES;
				CLANG_WARN_DIRECT_OBJC_ISA_USAGE = YES_ERROR;
				CLANG_WARN_DOCUMENTATION_COMMENTS = YES;
				CLANG_WARN_EMPTY_BODY = YES;
				CLANG_WARN_ENUM_CONVERSION = YES;
				CLANG_WARN_INFINITE_RECURSION = YES;
				CLANG_WARN_INT_CONVERSION = YES;
				CLANG_WARN_NON_LITERAL_NULL_CONVERSION = YES;
				CLANG_WARN_OBJC_IMPLICIT_RETAIN_SELF = YES;
				CLANG_WARN_OBJC_LITERAL_CONVERSION = YES;
				CLANG_WARN_OBJC_ROOT_CLASS = YES_ERROR;
				CLANG_WARN_QUOTED_INCLUDE_IN_FRAMEWORK_HEADER = YES;
				CLANG_WARN_RANGE_LOOP_ANALYSIS = YES;
				CLANG_WARN_STRICT_PROTOTYPES = YES;
				CLANG_WARN_SUSPICIOUS_MOVE = YES;
				CLANG_WARN_UNGUARDED_AVAILABILITY = YES_AGGRESSIVE;
				CLANG_WARN_UNREACHABLE_CODE = YES;
				CLANG_WARN__DUPLICATE_METHOD_MATCH = YES;
				COPY_PHASE_STRIP = NO;
				DEBUG_INFORMATION_FORMAT = "dwarf-with-dsym";
				ENABLE_NS_ASSERTIONS = NO;
				ENABLE_STRICT_OBJC_MSGSEND = YES;
				GCC_C_LANGUAGE_STANDARD = gnu11;
				GCC_NO_COMMON_BLOCKS = YES;
				GCC_WARN_64_TO_32_BIT_CONVERSION = YES;
				GCC_WARN_ABOUT_RETURN_TYPE = YES_ERROR;
				GCC_WARN_UNDECLARED_SELECTOR = YES;
				GCC_WARN_UNINITIALIZED_AUTOS = YES_AGGRESSIVE;
				GCC_WARN_UNUSED_FUNCTION = YES;
				GCC_WARN_UNUSED_VARIABLE = YES;
				IPHONEOS_DEPLOYMENT_TARGET = 16.4;
				MTL_ENABLE_DEBUG_INFO = NO;
				MTL_FAST_MATH = YES;
				SDKROOT = iphoneos;
				SWIFT_COMPILATION_MODE = wholemodule;
				SWIFT_OPTIMIZATION_LEVEL = "-O";
				VALIDATE_PRODUCT = YES;
			};
			name = Release;
		};
		FCCD263C2A9DFC560007F5F6 /* Debug */ = {
			isa = XCBuildConfiguration;
			buildSettings = {
				ASSETCATALOG_COMPILER_APPICON_NAME = AppIcon;
				ASSETCATALOG_COMPILER_GLOBAL_ACCENT_COLOR_NAME = AccentColor;
				CODE_SIGN_STYLE = Automatic;
				CURRENT_PROJECT_VERSION = 1;
				DEVELOPMENT_ASSET_PATHS = "\"ExplainIt/Preview Content\"";
				DEVELOPMENT_TEAM = UYW8HNCU5F;
				ENABLE_PREVIEWS = YES;
				GENERATE_INFOPLIST_FILE = YES;
				INFOPLIST_KEY_UIApplicationSceneManifest_Generation = YES;
				INFOPLIST_KEY_UIApplicationSupportsIndirectInputEvents = YES;
				INFOPLIST_KEY_UILaunchScreen_Generation = YES;
				INFOPLIST_KEY_UISupportedInterfaceOrientations_iPad = "UIInterfaceOrientationPortrait UIInterfaceOrientationPortraitUpsideDown UIInterfaceOrientationLandscapeLeft UIInterfaceOrientationLandscapeRight";
				INFOPLIST_KEY_UISupportedInterfaceOrientations_iPhone = "UIInterfaceOrientationPortrait UIInterfaceOrientationLandscapeLeft UIInterfaceOrientationLandscapeRight";
				IPHONEOS_DEPLOYMENT_TARGET = 16.0;
				LD_RUNPATH_SEARCH_PATHS = (
					"$(inherited)",
					"@executable_path/Frameworks",
				);
				MARKETING_VERSION = 1.0;
				PRODUCT_BUNDLE_IDENTIFIER = me.vakhtang.MacPawBootcamp.ExplainIt;
				PRODUCT_NAME = "$(TARGET_NAME)";
				SWIFT_EMIT_LOC_STRINGS = YES;
				SWIFT_VERSION = 5.0;
				TARGETED_DEVICE_FAMILY = "1,2";
			};
			name = Debug;
		};
		FCCD263D2A9DFC560007F5F6 /* Release */ = {
			isa = XCBuildConfiguration;
			buildSettings = {
				ASSETCATALOG_COMPILER_APPICON_NAME = AppIcon;
				ASSETCATALOG_COMPILER_GLOBAL_ACCENT_COLOR_NAME = AccentColor;
				CODE_SIGN_STYLE = Automatic;
				CURRENT_PROJECT_VERSION = 1;
				DEVELOPMENT_ASSET_PATHS = "\"ExplainIt/Preview Content\"";
				DEVELOPMENT_TEAM = UYW8HNCU5F;
				ENABLE_PREVIEWS = YES;
				GENERATE_INFOPLIST_FILE = YES;
				INFOPLIST_KEY_UIApplicationSceneManifest_Generation = YES;
				INFOPLIST_KEY_UIApplicationSupportsIndirectInputEvents = YES;
				INFOPLIST_KEY_UILaunchScreen_Generation = YES;
				INFOPLIST_KEY_UISupportedInterfaceOrientations_iPad = "UIInterfaceOrientationPortrait UIInterfaceOrientationPortraitUpsideDown UIInterfaceOrientationLandscapeLeft UIInterfaceOrientationLandscapeRight";
				INFOPLIST_KEY_UISupportedInterfaceOrientations_iPhone = "UIInterfaceOrientationPortrait UIInterfaceOrientationLandscapeLeft UIInterfaceOrientationLandscapeRight";
				IPHONEOS_DEPLOYMENT_TARGET = 16.0;
				LD_RUNPATH_SEARCH_PATHS = (
					"$(inherited)",
					"@executable_path/Frameworks",
				);
				MARKETING_VERSION = 1.0;
				PRODUCT_BUNDLE_IDENTIFIER = me.vakhtang.MacPawBootcamp.ExplainIt;
				PRODUCT_NAME = "$(TARGET_NAME)";
				SWIFT_EMIT_LOC_STRINGS = YES;
				SWIFT_VERSION = 5.0;
				TARGETED_DEVICE_FAMILY = "1,2";
			};
			name = Release;
		};
/* End XCBuildConfiguration section */

/* Begin XCConfigurationList section */
		FCCD26282A9DFC550007F5F6 /* Build configuration list for PBXProject "ExplainIt" */ = {
			isa = XCConfigurationList;
			buildConfigurations = (
				FCCD26392A9DFC560007F5F6 /* Debug */,
				FCCD263A2A9DFC560007F5F6 /* Release */,
			);
			defaultConfigurationIsVisible = 0;
			defaultConfigurationName = Release;
		};
		FCCD263B2A9DFC560007F5F6 /* Build configuration list for PBXNativeTarget "ExplainIt" */ = {
			isa = XCConfigurationList;
			buildConfigurations = (
				FCCD263C2A9DFC560007F5F6 /* Debug */,
				FCCD263D2A9DFC560007F5F6 /* Release */,
			);
			defaultConfigurationIsVisible = 0;
			defaultConfigurationName = Release;
		};
/* End XCConfigurationList section */
	};
	rootObject = FCCD26252A9DFC550007F5F6 /* Project object */;
}
